<?xml version="1.0" encoding="utf-8"?>
<Project ToolsVersion="4.0" xmlns="http://schemas.microsoft.com/developer/msbuild/2003">
  <ItemGroup>
    <Filter Include="Файлы исходного кода">
      <UniqueIdentifier>{4FC737F1-C7A5-4376-A066-2A32D752A2FF}</UniqueIdentifier>
      <Extensions>cpp;c;cc;cxx;def;odl;idl;hpj;bat;asm;asmx</Extensions>
    </Filter>
    <Filter Include="Заголовочные файлы">
      <UniqueIdentifier>{93995380-89BD-4b04-88EB-625FBE52EBFB}</UniqueIdentifier>
      <Extensions>h;hh;hpp;hxx;hm;inl;inc;xsd</Extensions>
    </Filter>
    <Filter Include="Файлы ресурсов">
      <UniqueIdentifier>{67DA6AB6-F800-4c08-8B7A-83BB121AAD01}</UniqueIdentifier>
      <Extensions>rc;ico;cur;bmp;dlg;rc2;rct;bin;rgs;gif;jpg;jpeg;jpe;resx;tiff;tif;png;wav;mfcribbon-ms</Extensions>
    </Filter>
    <Filter Include="library">
      <UniqueIdentifier>{4495ffa3-2c58-4e26-9157-22999d0c75a9}</UniqueIdentifier>
    </Filter>
    <Filter Include="library\network">
      <UniqueIdentifier>{8037b7ea-c6a5-490c-965a-146d51536944}</UniqueIdentifier>
    </Filter>
    <Filter Include="packet">
      <UniqueIdentifier>{4d662e16-e977-45ed-ba84-8ef1cb3408b1}</UniqueIdentifier>
    </Filter>
    <Filter Include="database">
      <UniqueIdentifier>{e918fe83-3aa9-4841-a8e4-e0bcede31cbf}</UniqueIdentifier>
    </Filter>
    <Filter Include="library\crypto">
      <UniqueIdentifier>{0402797d-9707-48ff-9094-cd1324b82eb7}</UniqueIdentifier>
    </Filter>
    <Filter Include="land">
      <UniqueIdentifier>{7e60b5ba-5265-48ec-a851-8557207fd9a4}</UniqueIdentifier>
    </Filter>
    <Filter Include="support">
      <UniqueIdentifier>{76c2d90f-2bb4-4715-bad2-de4de78af5b8}</UniqueIdentifier>
    </Filter>
    <Filter Include="entitie">
      <UniqueIdentifier>{0ca906c4-7476-4464-93ba-446e50ee731b}</UniqueIdentifier>
    </Filter>
  </ItemGroup>
  <ItemGroup>
    <ClCompile Include="main.cpp">
      <Filter>Файлы исходного кода</Filter>
    </ClCompile>
    <ClCompile Include="network.cpp">
      <Filter>library\network</Filter>
    </ClCompile>
    <ClCompile Include="packetAuth.cpp">
      <Filter>packet</Filter>
    </ClCompile>
    <ClCompile Include="database.cpp">
      <Filter>database</Filter>
    </ClCompile>
    <ClCompile Include="server.cpp">
      <Filter>land</Filter>
    </ClCompile>
    <ClCompile Include="serverHandler.cpp">
      <Filter>land</Filter>
    </ClCompile>
    <ClCompile Include="user.cpp">
      <Filter>database</Filter>
    </ClCompile>
    <ClCompile Include="des_example.c">
      <Filter>library\crypto</Filter>
    </ClCompile>
    <ClCompile Include="crypto.cpp">
      <Filter>Файлы исходного кода</Filter>
    </ClCompile>
    <ClCompile Include="des.h">
      <Filter>library\crypto</Filter>
    </ClCompile>
    <ClCompile Include="des.cpp">
      <Filter>library\crypto</Filter>
    </ClCompile>
    <ClCompile Include="dess.cpp">
      <Filter>library\crypto</Filter>
    </ClCompile>
    <ClCompile Include="player.cpp">
      <Filter>entitie</Filter>
    </ClCompile>
    <ClCompile Include="packet_screen_character.cpp">
      <Filter>Файлы исходного кода</Filter>
    </ClCompile>
  </ItemGroup>
  <ItemGroup>
    <ClInclude Include="network.h">
      <Filter>library\network</Filter>
    </ClInclude>
    <ClInclude Include="packet.h">
      <Filter>packet</Filter>
    </ClInclude>
    <ClInclude Include="database.h">
      <Filter>database</Filter>
    </ClInclude>
    <ClInclude Include="crypt.h">
      <Filter>library\crypto</Filter>
    </ClInclude>
    <ClInclude Include="server.h">
      <Filter>land</Filter>
    </ClInclude>
    <ClInclude Include="serverHandler.h">
      <Filter>land</Filter>
    </ClInclude>
    <ClInclude Include="user.h">
      <Filter>database</Filter>
    </ClInclude>
    <ClInclude Include="crypto.h">
      <Filter>Заголовочные файлы</Filter>
    </ClInclude>
    <ClInclude Include="support_opcode.h">
      <Filter>support</Filter>
    </ClInclude>
    <ClInclude Include="player.h">
      <Filter>entitie</Filter>
    </ClInclude>
    <ClInclude Include="packet_screen_character.h">
      <Filter>packet</Filter>
    </ClInclude>
  </ItemGroup>
  <ItemGroup>
    <None Include="config.ini">
      <Filter>Файлы исходного кода</Filter>
    </None>
  </ItemGroup>
</Project>